
Microsoft Visual Studio Solution File, Format Version 12.00
# Visual Studio Version 16
VisualStudioVersion = 16.0.29230.47
MinimumVisualStudioVersion = 10.0.40219.1
Project("{9A19103F-16F7-4668-BE54-9A1E7A4F7556}") = "OneTimePassword", "src\OneTimePassword\OneTimePassword.csproj", "{4BE46990-175D-4930-B8FB-F556CD4E3546}"
EndProject
Project("{9A19103F-16F7-4668-BE54-9A1E7A4F7556}") = "OneTimePassword.Tests", "tests\OneTimePassword.Tests\OneTimePassword.Tests.csproj", "{D8767195-FCB8-4857-A04A-78A9941549E0}"
EndProject
Project("{9A19103F-16F7-4668-BE54-9A1E7A4F7556}") = "OneTimePassword.KitchenSink", "samples\OneTimePassword.KitchenSink\OneTimePassword.KitchenSink.csproj", "{C9468AB6-BA6D-49DA-8888-525EF95226AA}"
EndProject
Global
	GlobalSection(SolutionConfigurationPlatforms) = preSolution
		Debug|Any CPU = Debug|Any CPU
		Release|Any CPU = Release|Any CPU
	EndGlobalSection
	GlobalSection(ProjectConfigurationPlatforms) = postSolution
		{4BE46990-175D-4930-B8FB-F556CD4E3546}.Debug|Any CPU.ActiveCfg = Debug|Any CPU
		{4BE46990-175D-4930-B8FB-F556CD4E3546}.Debug|Any CPU.Build.0 = Debug|Any CPU
		{4BE46990-175D-4930-B8FB-F556CD4E3546}.Release|Any CPU.ActiveCfg = Release|Any CPU
		{4BE46990-175D-4930-B8FB-F556CD4E3546}.Release|Any CPU.Build.0 = Release|Any CPU
		{D8767195-FCB8-4857-A04A-78A9941549E0}.Debug|Any CPU.ActiveCfg = Debug|Any CPU
		{D8767195-FCB8-4857-A04A-78A9941549E0}.Debug|Any CPU.Build.0 = Debug|Any CPU
		{D8767195-FCB8-4857-A04A-78A9941549E0}.Release|Any CPU.ActiveCfg = Release|Any CPU
		{D8767195-FCB8-4857-A04A-78A9941549E0}.Release|Any CPU.Build.0 = Release|Any CPU
		{C9468AB6-BA6D-49DA-8888-525EF95226AA}.Debug|Any CPU.ActiveCfg = Debug|Any CPU
		{C9468AB6-BA6D-49DA-8888-525EF95226AA}.Debug|Any CPU.Build.0 = Debug|Any CPU
		{C9468AB6-BA6D-49DA-8888-525EF95226AA}.Release|Any CPU.ActiveCfg = Release|Any CPU
		{C9468AB6-BA6D-49DA-8888-525EF95226AA}.Release|Any CPU.Build.0 = Release|Any CPU
	EndGlobalSection
	GlobalSection(SolutionProperties) = preSolution
		HideSolutionNode = FALSE
	EndGlobalSection
	GlobalSection(ExtensibilityGlobals) = postSolution
		SolutionGuid = {B9597DFF-5811-42BC-BB3B-1C657F720C45}
	EndGlobalSection
EndGlobal
