
Microsoft Visual Studio Solution File, Format Version 12.00
# Visual Studio Version 16
VisualStudioVersion = 16.0.29230.47
MinimumVisualStudioVersion = 10.0.40219.1
Project("{9A19103F-16F7-4668-BE54-9A1E7A4F7556}") = "OneTimePassword", "src\OneTimePassword\OneTimePassword.csproj", "{4BE46990-175D-4930-B8FB-F556CD4E3546}"
EndProject
Project("{9A19103F-16F7-4668-BE54-9A1E7A4F7556}") = "OneTimePassword.Tests", "test\OneTimePassword.Tests\OneTimePassword.Tests.csproj", "{5A67C4A0-EC32-4AB2-B85D-3F53C4AF83B3}"
EndProject
Global
	GlobalSection(SolutionConfigurationPlatforms) = preSolution
		Debug|Any CPU = Debug|Any CPU
		Release|Any CPU = Release|Any CPU
	EndGlobalSection
	GlobalSection(ProjectConfigurationPlatforms) = postSolution
		{4BE46990-175D-4930-B8FB-F556CD4E3546}.Debug|Any CPU.ActiveCfg = Debug|Any CPU
		{4BE46990-175D-4930-B8FB-F556CD4E3546}.Debug|Any CPU.Build.0 = Debug|Any CPU
		{4BE46990-175D-4930-B8FB-F556CD4E3546}.Release|Any CPU.ActiveCfg = Release|Any CPU
		{4BE46990-175D-4930-B8FB-F556CD4E3546}.Release|Any CPU.Build.0 = Release|Any CPU
		{5A67C4A0-EC32-4AB2-B85D-3F53C4AF83B3}.Debug|Any CPU.ActiveCfg = Debug|Any CPU
		{5A67C4A0-EC32-4AB2-B85D-3F53C4AF83B3}.Debug|Any CPU.Build.0 = Debug|Any CPU
		{5A67C4A0-EC32-4AB2-B85D-3F53C4AF83B3}.Release|Any CPU.ActiveCfg = Release|Any CPU
		{5A67C4A0-EC32-4AB2-B85D-3F53C4AF83B3}.Release|Any CPU.Build.0 = Release|Any CPU
	EndGlobalSection
	GlobalSection(SolutionProperties) = preSolution
		HideSolutionNode = FALSE
	EndGlobalSection
	GlobalSection(ExtensibilityGlobals) = postSolution
		SolutionGuid = {B9597DFF-5811-42BC-BB3B-1C657F720C45}
	EndGlobalSection
EndGlobal
